// !$*UTF8*$!
{
	archiveVersion = 1;
	classes = {
	};
	objectVersion = 46;
	objects = {

/* Begin PBXBuildFile section */
		CEC163DD1F4C570300091460 /* SoundTableViewCell.swift in Sources */ = {isa = PBXBuildFile; fileRef = CEC163DC1F4C570300091460 /* SoundTableViewCell.swift */; };
		CEE50C191F0276990074B747 /* AppDelegate.swift in Sources */ = {isa = PBXBuildFile; fileRef = CEE50C181F0276990074B747 /* AppDelegate.swift */; };
		CEE50C1E1F0276990074B747 /* Main.storyboard in Resources */ = {isa = PBXBuildFile; fileRef = CEE50C1C1F0276990074B747 /* Main.storyboard */; };
		CEE50C201F0276990074B747 /* Assets.xcassets in Resources */ = {isa = PBXBuildFile; fileRef = CEE50C1F1F0276990074B747 /* Assets.xcassets */; };
		CEE50C231F0276990074B747 /* LaunchScreen.storyboard in Resources */ = {isa = PBXBuildFile; fileRef = CEE50C211F0276990074B747 /* LaunchScreen.storyboard */; };
		CEE50C2B1F0277810074B747 /* SoundListTableViewController.swift in Sources */ = {isa = PBXBuildFile; fileRef = CEE50C2A1F0277810074B747 /* SoundListTableViewController.swift */; };
/* End PBXBuildFile section */

/* Begin PBXFileReference section */
		CEC163DC1F4C570300091460 /* SoundTableViewCell.swift */ = {isa = PBXFileReference; fileEncoding = 4; lastKnownFileType = sourcecode.swift; path = SoundTableViewCell.swift; sourceTree = "<group>"; };
		CEE50C151F0276990074B747 /* iOSSystemSoundsLibrary.app */ = {isa = PBXFileReference; explicitFileType = wrapper.application; includeInIndex = 0; path = iOSSystemSoundsLibrary.app; sourceTree = BUILT_PRODUCTS_DIR; };
		CEE50C181F0276990074B747 /* AppDelegate.swift */ = {isa = PBXFileReference; lastKnownFileType = sourcecode.swift; path = AppDelegate.swift; sourceTree = "<group>"; };
		CEE50C1D1F0276990074B747 /* Base */ = {isa = PBXFileReference; lastKnownFileType = file.storyboard; name = Base; path = Base.lproj/Main.storyboard; sourceTree = "<group>"; };
		CEE50C1F1F0276990074B747 /* Assets.xcassets */ = {isa = PBXFileReference; lastKnownFileType = folder.assetcatalog; path = Assets.xcassets; sourceTree = "<group>"; };
		CEE50C221F0276990074B747 /* Base */ = {isa = PBXFileReference; lastKnownFileType = file.storyboard; name = Base; path = Base.lproj/LaunchScreen.storyboard; sourceTree = "<group>"; };
		CEE50C241F0276990074B747 /* Info.plist */ = {isa = PBXFileReference; lastKnownFileType = text.plist.xml; path = Info.plist; sourceTree = "<group>"; };
		CEE50C2A1F0277810074B747 /* SoundListTableViewController.swift */ = {isa = PBXFileReference; fileEncoding = 4; lastKnownFileType = sourcecode.swift; path = SoundListTableViewController.swift; sourceTree = "<group>"; };
/* End PBXFileReference section */

/* Begin PBXFrameworksBuildPhase section */
		CEE50C121F0276990074B747 /* Frameworks */ = {
			isa = PBXFrameworksBuildPhase;
			buildActionMask = 2147483647;
			files = (
			);
			runOnlyForDeploymentPostprocessing = 0;
		};
/* End PBXFrameworksBuildPhase section */

/* Begin PBXGroup section */
		CE8F0D9C1F7CDA8700462A43 /* Source */ = {
			isa = PBXGroup;
			children = (
				CEE50C181F0276990074B747 /* AppDelegate.swift */,
				CEE50C2A1F0277810074B747 /* SoundListTableViewController.swift */,
				CEC163DC1F4C570300091460 /* SoundTableViewCell.swift */,
			);
			path = Source;
			sourceTree = "<group>";
		};
		CEC163D81F4C432A00091460 /* Storyboards */ = {
			isa = PBXGroup;
			children = (
				CEE50C1C1F0276990074B747 /* Main.storyboard */,
				CEE50C211F0276990074B747 /* LaunchScreen.storyboard */,
			);
			name = Storyboards;
			sourceTree = "<group>";
		};
		CEC163D91F4C433600091460 /* Supporting Files */ = {
			isa = PBXGroup;
			children = (
				CEE50C1F1F0276990074B747 /* Assets.xcassets */,
				CEE50C241F0276990074B747 /* Info.plist */,
			);
			name = "Supporting Files";
			sourceTree = "<group>";
		};
		CEE50C0C1F0276990074B747 = {
			isa = PBXGroup;
			children = (
				CEE50C171F0276990074B747 /* iOSSystemSoundsLibrary */,
				CEE50C161F0276990074B747 /* Products */,
			);
			sourceTree = "<group>";
		};
		CEE50C161F0276990074B747 /* Products */ = {
			isa = PBXGroup;
			children = (
				CEE50C151F0276990074B747 /* iOSSystemSoundsLibrary.app */,
			);
			name = Products;
			sourceTree = "<group>";
		};
		CEE50C171F0276990074B747 /* iOSSystemSoundsLibrary */ = {
			isa = PBXGroup;
			children = (
				CE8F0D9C1F7CDA8700462A43 /* Source */,
				CEC163D81F4C432A00091460 /* Storyboards */,
				CEC163D91F4C433600091460 /* Supporting Files */,
			);
			path = iOSSystemSoundsLibrary;
			sourceTree = "<group>";
		};
/* End PBXGroup section */

/* Begin PBXNativeTarget section */
		CEE50C141F0276990074B747 /* iOSSystemSoundsLibrary */ = {
			isa = PBXNativeTarget;
			buildConfigurationList = CEE50C271F0276990074B747 /* Build configuration list for PBXNativeTarget "iOSSystemSoundsLibrary" */;
			buildPhases = (
				CEE50C111F0276990074B747 /* Sources */,
				CEE50C121F0276990074B747 /* Frameworks */,
				CEE50C131F0276990074B747 /* Resources */,
			);
			buildRules = (
			);
			dependencies = (
			);
			name = iOSSystemSoundsLibrary;
			productName = iOSSystemSoundsLibrary;
			productReference = CEE50C151F0276990074B747 /* iOSSystemSoundsLibrary.app */;
			productType = "com.apple.product-type.application";
		};
/* End PBXNativeTarget section */

/* Begin PBXProject section */
		CEE50C0D1F0276990074B747 /* Project object */ = {
			isa = PBXProject;
			attributes = {
				LastSwiftUpdateCheck = 0830;
				LastUpgradeCheck = 0830;
				ORGANIZATIONNAME = nyg;
				TargetAttributes = {
					CEE50C141F0276990074B747 = {
						CreatedOnToolsVersion = 8.3.3;
						DevelopmentTeam = 7BPPXA6BRU;
						ProvisioningStyle = Automatic;
					};
				};
			};
			buildConfigurationList = CEE50C101F0276990074B747 /* Build configuration list for PBXProject "iOSSystemSoundsLibrary" */;
			compatibilityVersion = "Xcode 3.2";
			developmentRegion = English;
			hasScannedForEncodings = 0;
			knownRegions = (
				en,
				Base,
			);
			mainGroup = CEE50C0C1F0276990074B747;
			productRefGroup = CEE50C161F0276990074B747 /* Products */;
			projectDirPath = "";
			projectRoot = "";
			targets = (
				CEE50C141F0276990074B747 /* iOSSystemSoundsLibrary */,
			);
		};
/* End PBXProject section */

/* Begin PBXResourcesBuildPhase section */
		CEE50C131F0276990074B747 /* Resources */ = {
			isa = PBXResourcesBuildPhase;
			buildActionMask = 2147483647;
			files = (
				CEE50C231F0276990074B747 /* LaunchScreen.storyboard in Resources */,
				CEE50C201F0276990074B747 /* Assets.xcassets in Resources */,
				CEE50C1E1F0276990074B747 /* Main.storyboard in Resources */,
			);
			runOnlyForDeploymentPostprocessing = 0;
		};
/* End PBXResourcesBuildPhase section */

/* Begin PBXSourcesBuildPhase section */
		CEE50C111F0276990074B747 /* Sources */ = {
			isa = PBXSourcesBuildPhase;
			buildActionMask = 2147483647;
			files = (
				CEE50C2B1F0277810074B747 /* SoundListTableViewController.swift in Sources */,
				CEE50C191F0276990074B747 /* AppDelegate.swift in Sources */,
				CEC163DD1F4C570300091460 /* SoundTableViewCell.swift in Sources */,
			);
			runOnlyForDeploymentPostprocessing = 0;
		};
/* End PBXSourcesBuildPhase section */

/* Begin PBXVariantGroup section */
		CEE50C1C1F0276990074B747 /* Main.storyboard */ = {
			isa = PBXVariantGroup;
			children = (
				CEE50C1D1F0276990074B747 /* Base */,
			);
			name = Main.storyboard;
			sourceTree = "<group>";
		};
		CEE50C211F0276990074B747 /* LaunchScreen.storyboard */ = {
			isa = PBXVariantGroup;
			children = (
				CEE50C221F0276990074B747 /* Base */,
			);
			name = LaunchScreen.storyboard;
			sourceTree = "<group>";
		};
/* End PBXVariantGroup section */

/* Begin XCBuildConfiguration section */
		CEE50C251F0276990074B747 /* Debug */ = {
			isa = XCBuildConfiguration;
			buildSettings = {
				ALWAYS_SEARCH_USER_PATHS = NO;
				CLANG_ANALYZER_NONNULL = YES;
				CLANG_ANALYZER_NUMBER_OBJECT_CONVERSION = YES_AGGRESSIVE;
				CLANG_CXX_LANGUAGE_STANDARD = "gnu++0x";
				CLANG_CXX_LIBRARY = "libc++";
				CLANG_ENABLE_MODULES = YES;
				CLANG_ENABLE_OBJC_ARC = YES;
				CLANG_WARN_BOOL_CONVERSION = YES;
				CLANG_WARN_CONSTANT_CONVERSION = YES;
				CLANG_WARN_DIRECT_OBJC_ISA_USAGE = YES_ERROR;
				CLANG_WARN_DOCUMENTATION_COMMENTS = YES;
				CLANG_WARN_EMPTY_BODY = YES;
				CLANG_WARN_ENUM_CONVERSION = YES;
				CLANG_WARN_INFINITE_RECURSION = YES;
				CLANG_WARN_INT_CONVERSION = YES;
				CLANG_WARN_OBJC_ROOT_CLASS = YES_ERROR;
				CLANG_WARN_SUSPICIOUS_MOVE = YES;
				CLANG_WARN_UNREACHABLE_CODE = YES;
				CLANG_WARN__DUPLICATE_METHOD_MATCH = YES;
				"CODE_SIGN_IDENTITY[sdk=iphoneos*]" = "iPhone Developer";
				COPY_PHASE_STRIP = NO;
				DEBUG_INFORMATION_FORMAT = dwarf;
				ENABLE_STRICT_OBJC_MSGSEND = YES;
				ENABLE_TESTABILITY = YES;
				GCC_C_LANGUAGE_STANDARD = gnu99;
				GCC_DYNAMIC_NO_PIC = NO;
				GCC_NO_COMMON_BLOCKS = YES;
				GCC_OPTIMIZATION_LEVEL = 0;
				GCC_PREPROCESSOR_DEFINITIONS = (
					"DEBUG=1",
					"$(inherited)",
				);
				GCC_WARN_64_TO_32_BIT_CONVERSION = YES;
				GCC_WARN_ABOUT_RETURN_TYPE = YES_ERROR;
				GCC_WARN_UNDECLARED_SELECTOR = YES;
				GCC_WARN_UNINITIALIZED_AUTOS = YES_AGGRESSIVE;
				GCC_WARN_UNUSED_FUNCTION = YES;
				GCC_WARN_UNUSED_VARIABLE = YES;
				IPHONEOS_DEPLOYMENT_TARGET = 10.3;
				MTL_ENABLE_DEBUG_INFO = YES;
				ONLY_ACTIVE_ARCH = YES;
				SDKROOT = iphoneos;
				SWIFT_ACTIVE_COMPILATION_CONDITIONS = DEBUG;
				SWIFT_OPTIMIZATION_LEVEL = "-Onone";
				TARGETED_DEVICE_FAMILY = "1,2";
			};
			name = Debug;
		};
		CEE50C261F0276990074B747 /* Release */ = {
			isa = XCBuildConfiguration;
			buildSettings = {
				ALWAYS_SEARCH_USER_PATHS = NO;
				CLANG_ANALYZER_NONNULL = YES;
				CLANG_ANALYZER_NUMBER_OBJECT_CONVERSION = YES_AGGRESSIVE;
				CLANG_CXX_LANGUAGE_STANDARD = "gnu++0x";
				CLANG_CXX_LIBRARY = "libc++";
				CLANG_ENABLE_MODULES = YES;
				CLANG_ENABLE_OBJC_ARC = YES;
				CLANG_WARN_BOOL_CONVERSION = YES;
				CLANG_WARN_CONSTANT_CONVERSION = YES;
				CLANG_WARN_DIRECT_OBJC_ISA_USAGE = YES_ERROR;
				CLANG_WARN_DOCUMENTATION_COMMENTS = YES;
				CLANG_WARN_EMPTY_BODY = YES;
				CLANG_WARN_ENUM_CONVERSION = YES;
				CLANG_WARN_INFINITE_RECURSION = YES;
				CLANG_WARN_INT_CONVERSION = YES;
				CLANG_WARN_OBJC_ROOT_CLASS = YES_ERROR;
				CLANG_WARN_SUSPICIOUS_MOVE = YES;
				CLANG_WARN_UNREACHABLE_CODE = YES;
				CLANG_WARN__DUPLICATE_METHOD_MATCH = YES;
				"CODE_SIGN_IDENTITY[sdk=iphoneos*]" = "iPhone Developer";
				COPY_PHASE_STRIP = NO;
				DEBUG_INFORMATION_FORMAT = "dwarf-with-dsym";
				ENABLE_NS_ASSERTIONS = NO;
				ENABLE_STRICT_OBJC_MSGSEND = YES;
				GCC_C_LANGUAGE_STANDARD = gnu99;
				GCC_NO_COMMON_BLOCKS = YES;
				GCC_WARN_64_TO_32_BIT_CONVERSION = YES;
				GCC_WARN_ABOUT_RETURN_TYPE = YES_ERROR;
				GCC_WARN_UNDECLARED_SELECTOR = YES;
				GCC_WARN_UNINITIALIZED_AUTOS = YES_AGGRESSIVE;
				GCC_WARN_UNUSED_FUNCTION = YES;
				GCC_WARN_UNUSED_VARIABLE = YES;
				IPHONEOS_DEPLOYMENT_TARGET = 10.3;
				MTL_ENABLE_DEBUG_INFO = NO;
				SDKROOT = iphoneos;
				SWIFT_OPTIMIZATION_LEVEL = "-Owholemodule";
				TARGETED_DEVICE_FAMILY = "1,2";
				VALIDATE_PRODUCT = YES;
			};
			name = Release;
		};
		CEE50C281F0276990074B747 /* Debug */ = {
			isa = XCBuildConfiguration;
			buildSettings = {
				ASSETCATALOG_COMPILER_APPICON_NAME = AppIcon;
				DEVELOPMENT_TEAM = 7BPPXA6BRU;
				INFOPLIST_FILE = iOSSystemSoundsLibrary/Info.plist;
				LD_RUNPATH_SEARCH_PATHS = "$(inherited) @executable_path/Frameworks";
				PRODUCT_BUNDLE_IDENTIFIER = ch.nyg.iOSSystemSoundsLibrary;
				PRODUCT_NAME = "$(TARGET_NAME)";
				SWIFT_VERSION = 3.0;
			};
			name = Debug;
		};
		CEE50C291F0276990074B747 /* Release */ = {
			isa = XCBuildConfiguration;
			buildSettings = {
				ASSETCATALOG_COMPILER_APPICON_NAME = AppIcon;
				DEVELOPMENT_TEAM = 7BPPXA6BRU;
				INFOPLIST_FILE = iOSSystemSoundsLibrary/Info.plist;
				LD_RUNPATH_SEARCH_PATHS = "$(inherited) @executable_path/Frameworks";
				PRODUCT_BUNDLE_IDENTIFIER = ch.nyg.iOSSystemSoundsLibrary;
				PRODUCT_NAME = "$(TARGET_NAME)";
				SWIFT_VERSION = 3.0;
			};
			name = Release;
		};
/* End XCBuildConfiguration section */

/* Begin XCConfigurationList section */
		CEE50C101F0276990074B747 /* Build configuration list for PBXProject "iOSSystemSoundsLibrary" */ = {
			isa = XCConfigurationList;
			buildConfigurations = (
				CEE50C251F0276990074B747 /* Debug */,
				CEE50C261F0276990074B747 /* Release */,
			);
			defaultConfigurationIsVisible = 0;
			defaultConfigurationName = Release;
		};
		CEE50C271F0276990074B747 /* Build configuration list for PBXNativeTarget "iOSSystemSoundsLibrary" */ = {
			isa = XCConfigurationList;
			buildConfigurations = (
				CEE50C281F0276990074B747 /* Debug */,
				CEE50C291F0276990074B747 /* Release */,
			);
			defaultConfigurationIsVisible = 0;
			defaultConfigurationName = Release;
		};
/* End XCConfigurationList section */
	};
	rootObject = CEE50C0D1F0276990074B747 /* Project object */;
}
